
Microsoft Visual Studio Solution File, Format Version 12.00
# Visual Studio Version 16
VisualStudioVersion = 16.0.31702.278
MinimumVisualStudioVersion = 10.0.40219.1
Project("{FAE04EC0-301F-11D3-BF4B-00C04F79EFBC}") = "Practice1", "Practice1.csproj", "{9A17F511-B8C5-4E42-8A64-869C814CBA75}"
EndProject
Global
	GlobalSection(SolutionConfigurationPlatforms) = preSolution
		Debug|Any CPU = Debug|Any CPU
		Release|Any CPU = Release|Any CPU
	EndGlobalSection
	GlobalSection(ProjectConfigurationPlatforms) = postSolution
		{9A17F511-B8C5-4E42-8A64-869C814CBA75}.Debug|Any CPU.ActiveCfg = Debug|Any CPU
		{9A17F511-B8C5-4E42-8A64-869C814CBA75}.Debug|Any CPU.Build.0 = Debug|Any CPU
		{9A17F511-B8C5-4E42-8A64-869C814CBA75}.Release|Any CPU.ActiveCfg = Release|Any CPU
		{9A17F511-B8C5-4E42-8A64-869C814CBA75}.Release|Any CPU.Build.0 = Release|Any CPU
	EndGlobalSection
	GlobalSection(SolutionProperties) = preSolution
		HideSolutionNode = FALSE
	EndGlobalSection
	GlobalSection(ExtensibilityGlobals) = postSolution
		SolutionGuid = {6E79DF52-D134-4737-9D24-FE035C019F78}
	EndGlobalSection
EndGlobal
